{
  "name": "matterbridge-ai-factory-ecobee-thermostats-connect-s-capteurs-pi-ce",
  "version": "1.0.0",
  "lockfileVersion": 3,
  "requires": true,
  "packages": {
    "": {
      "name": "matterbridge-ai-factory-ecobee-thermostats-connect-s-capteurs-pi-ce",
      "version": "1.0.0",
      "license": "Apache-2.0",
      "dependencies": {
        "node-ansi-logger": "3.2.1",
        "node-persist-manager": "2.0.2"
      },
      "devDependencies": {
        "@types/node": "25.9.1",
        "typescript": "6.0.3"
      },
      "engines": {
        "node": ">=20.19.0 <21.0.0 || >=22.13.0 <23.0.0 || >=24.0.0 <25.0.0 || >=26.0.0 <27.0.0"
      }
    },
    "node_modules/@types/node": {
      "version": "25.9.1",
      "resolved": "https://registry.npmjs.org/@types/node/-/node-25.9.1.tgz",
      "integrity": "sha512-xfrlY7UD5rMJk3ZVJP8BNzS28J36YJg+xp+LPXV1TdWxr8uMH5A860QNxYDGQe/ylDSgjxE52Q9VnO7p75tJxg==",
      "dev": true,
      "license": "MIT",
      "dependencies": {
        "undici-types": ">=7.24.0 <7.24.7"
      }
    },
    "node_modules/node-ansi-logger": {
      "version": "3.2.1",
      "resolved": "https://registry.npmjs.org/node-ansi-logger/-/node-ansi-logger-3.2.1.tgz",
      "integrity": "sha512-R5YptDlGVfVqACSiOtfmAwV+N/ytj8crwXStrs9d9kdAXYT4xF1J1H5qfhGbXsot06OHSha76Y2Fq66sIzMq2A==",
      "hasShrinkwrap": true,
      "license": "Apache-2.0",
      "engines": {
        "node": ">=20.19.0 <21.0.0 || >=22.13.0 <23.0.0 || >=24.0.0 <25.0.0"
      },
      "funding": {
        "type": "buymeacoffee",
        "url": "https://www.buymeacoffee.com/luligugithub"
      }
    },
    "node_modules/node-persist-manager": {
      "version": "2.0.2",
      "resolved": "https://registry.npmjs.org/node-persist-manager/-/node-persist-manager-2.0.2.tgz",
      "integrity": "sha512-FGDdNOH4c6Xqb2LwTZ55GT0UaoqaOiWJ+hWt+O7w1+9QIUQh2NsaXPtGaTiibvCi6cX823JTFQPJK2NRseLTvw==",
      "hasShrinkwrap": true,
      "license": "Apache-2.0",
      "dependencies": {
        "node-persist": "4.0.4"
      },
      "engines": {
        "node": ">=20.19.0 <21.0.0 || >=22.13.0 <23.0.0 || >=24.0.0 <25.0.0"
      },
      "funding": {
        "type": "buymeacoffee",
        "url": "https://www.buymeacoffee.com/luligugithub"
      }
    },
    "node_modules/node-persist-manager/node_modules/node-persist": {
      "version": "4.0.4",
      "resolved": "https://registry.npmjs.org/node-persist/-/node-persist-4.0.4.tgz",
      "integrity": "sha512-8sPAz/7tw1mCCc8xBG4f0wi+flHkSSgQeX998iQ75Pu27evA6UUWCjSE7xnrYTg2q33oU5leJ061EKPDv6BocQ==",
      "license": "MIT",
      "dependencies": {
        "p-limit": "^3.1.0"
      },
      "engines": {
        "node": ">=10.12.0"
      }
    },
    "node_modules/node-persist-manager/node_modules/p-limit": {
      "version": "3.1.0",
      "resolved": "https://registry.npmjs.org/p-limit/-/p-limit-3.1.0.tgz",
      "integrity": "sha512-TYOanM3wGwNGsZN2cVTYPArw454xnXj5qmWF1bEoAc4+cU/ol7GVh7odevjp1FNHduHc3KZMcFduxU5Xc6uJRQ==",
      "license": "MIT",
      "dependencies": {
        "yocto-queue": "^0.1.0"
      },
      "engines": {
        "node": ">=10"
      },
      "funding": {
        "url": "https://github.com/sponsors/sindresorhus"
      }
    },
    "node_modules/node-persist-manager/node_modules/yocto-queue": {
      "version": "0.1.0",
      "resolved": "https://registry.npmjs.org/yocto-queue/-/yocto-queue-0.1.0.tgz",
      "integrity": "sha512-rVksvsnNCdJ/ohGc6xgPwyN8eheCxsiLM8mxuE/t/mOVqJewPuO1miLpTHQiRgTKCLexL4MeAFVagts7HmNZ2Q==",
      "license": "MIT",
      "engines": {
        "node": ">=10"
      },
      "funding": {
        "url": "https://github.com/sponsors/sindresorhus"
      }
    },
    "node_modules/typescript": {
      "version": "6.0.3",
      "resolved": "https://registry.npmjs.org/typescript/-/typescript-6.0.3.tgz",
      "integrity": "sha512-y2TvuxSZPDyQakkFRPZHKFm+KKVqIisdg9/CZwm9ftvKXLP8NRWj38/ODjNbr43SsoXqNuAisEf1GdCxqWcdBw==",
      "dev": true,
      "license": "Apache-2.0",
      "bin": {
        "tsc": "bin/tsc",
        "tsserver": "bin/tsserver"
      },
      "engines": {
        "node": ">=14.17"
      }
    },
    "node_modules/undici-types": {
      "version": "7.24.6",
      "resolved": "https://registry.npmjs.org/undici-types/-/undici-types-7.24.6.tgz",
      "integrity": "sha512-WRNW+sJgj5OBN4/0JpHFqtqzhpbnV0GuB+OozA9gCL7a993SmU+1JBZCzLNxYsbMfIeDL+lTsphD5jN5N+n0zg==",
      "dev": true,
      "license": "MIT"
    }
  }
}
